
Microsoft Visual Studio Solution File, Format Version 12.00
# Visual Studio Version 16
VisualStudioVersion = 16.0.31515.178
MinimumVisualStudioVersion = 10.0.40219.1
Project("{2150E333-8FDC-42A3-9474-1A3956D46DE8}") = "src", "src", "{27B3B4EB-1501-4247-ACD8-5DAAF72BDAF1}"
EndProject
Project("{2150E333-8FDC-42A3-9474-1A3956D46DE8}") = "API", "API", "{B0468921-9E48-47C1-A6F8-DC9017458A19}"
EndProject
Project("{FAE04EC0-301F-11D3-BF4B-00C04F79EFBC}") = "WebAPI", "WebAPI\WebAPI.csproj", "{C0FA23F4-EB6D-4421-A708-2C876B5257BF}"
EndProject
Project("{2150E333-8FDC-42A3-9474-1A3956D46DE8}") = "Common", "Common", "{AF32F9C3-F556-4572-B888-FFBB1C11C65D}"
EndProject
Project("{2150E333-8FDC-42A3-9474-1A3956D46DE8}") = "Models", "Models", "{E1289DE8-3A48-4213-BB82-DE0E4FACC41A}"
EndProject
Project("{FAE04EC0-301F-11D3-BF4B-00C04F79EFBC}") = "Models", "Models\Models.csproj", "{1B3F3AB3-78C9-4623-9A55-4A00C868ECE6}"
EndProject
Project("{FAE04EC0-301F-11D3-BF4B-00C04F79EFBC}") = "Common.LogHandler", "Common.LogHandler\Common.LogHandler.csproj", "{3280DB8A-024F-4A3C-AFC3-EA1D19DF84C2}"
EndProject
Project("{2150E333-8FDC-42A3-9474-1A3956D46DE8}") = "Web", "Web", "{63EE1C42-9913-4716-9152-921D077A7C9B}"
EndProject
Project("{FAE04EC0-301F-11D3-BF4B-00C04F79EFBC}") = "Web.MVC", "Web.MVC\Web.MVC.csproj", "{9A1E9D94-11C9-4553-9B93-001028963E2A}"
EndProject
Global
	GlobalSection(SolutionConfigurationPlatforms) = preSolution
		Debug|Any CPU = Debug|Any CPU
		Release|Any CPU = Release|Any CPU
	EndGlobalSection
	GlobalSection(ProjectConfigurationPlatforms) = postSolution
		{C0FA23F4-EB6D-4421-A708-2C876B5257BF}.Debug|Any CPU.ActiveCfg = Debug|Any CPU
		{C0FA23F4-EB6D-4421-A708-2C876B5257BF}.Debug|Any CPU.Build.0 = Debug|Any CPU
		{C0FA23F4-EB6D-4421-A708-2C876B5257BF}.Release|Any CPU.ActiveCfg = Release|Any CPU
		{C0FA23F4-EB6D-4421-A708-2C876B5257BF}.Release|Any CPU.Build.0 = Release|Any CPU
		{1B3F3AB3-78C9-4623-9A55-4A00C868ECE6}.Debug|Any CPU.ActiveCfg = Debug|Any CPU
		{1B3F3AB3-78C9-4623-9A55-4A00C868ECE6}.Debug|Any CPU.Build.0 = Debug|Any CPU
		{1B3F3AB3-78C9-4623-9A55-4A00C868ECE6}.Release|Any CPU.ActiveCfg = Release|Any CPU
		{1B3F3AB3-78C9-4623-9A55-4A00C868ECE6}.Release|Any CPU.Build.0 = Release|Any CPU
		{3280DB8A-024F-4A3C-AFC3-EA1D19DF84C2}.Debug|Any CPU.ActiveCfg = Debug|Any CPU
		{3280DB8A-024F-4A3C-AFC3-EA1D19DF84C2}.Debug|Any CPU.Build.0 = Debug|Any CPU
		{3280DB8A-024F-4A3C-AFC3-EA1D19DF84C2}.Release|Any CPU.ActiveCfg = Release|Any CPU
		{3280DB8A-024F-4A3C-AFC3-EA1D19DF84C2}.Release|Any CPU.Build.0 = Release|Any CPU
		{9A1E9D94-11C9-4553-9B93-001028963E2A}.Debug|Any CPU.ActiveCfg = Debug|Any CPU
		{9A1E9D94-11C9-4553-9B93-001028963E2A}.Debug|Any CPU.Build.0 = Debug|Any CPU
		{9A1E9D94-11C9-4553-9B93-001028963E2A}.Release|Any CPU.ActiveCfg = Release|Any CPU
		{9A1E9D94-11C9-4553-9B93-001028963E2A}.Release|Any CPU.Build.0 = Release|Any CPU
	EndGlobalSection
	GlobalSection(SolutionProperties) = preSolution
		HideSolutionNode = FALSE
	EndGlobalSection
	GlobalSection(NestedProjects) = preSolution
		{B0468921-9E48-47C1-A6F8-DC9017458A19} = {27B3B4EB-1501-4247-ACD8-5DAAF72BDAF1}
		{C0FA23F4-EB6D-4421-A708-2C876B5257BF} = {B0468921-9E48-47C1-A6F8-DC9017458A19}
		{AF32F9C3-F556-4572-B888-FFBB1C11C65D} = {27B3B4EB-1501-4247-ACD8-5DAAF72BDAF1}
		{E1289DE8-3A48-4213-BB82-DE0E4FACC41A} = {27B3B4EB-1501-4247-ACD8-5DAAF72BDAF1}
		{1B3F3AB3-78C9-4623-9A55-4A00C868ECE6} = {E1289DE8-3A48-4213-BB82-DE0E4FACC41A}
		{3280DB8A-024F-4A3C-AFC3-EA1D19DF84C2} = {AF32F9C3-F556-4572-B888-FFBB1C11C65D}
		{63EE1C42-9913-4716-9152-921D077A7C9B} = {27B3B4EB-1501-4247-ACD8-5DAAF72BDAF1}
		{9A1E9D94-11C9-4553-9B93-001028963E2A} = {63EE1C42-9913-4716-9152-921D077A7C9B}
	EndGlobalSection
	GlobalSection(ExtensibilityGlobals) = postSolution
		SolutionGuid = {2BE61B99-00DF-4E68-8156-FB3CFCCB9759}
	EndGlobalSection
EndGlobal
